
Microsoft Visual Studio Solution File, Format Version 12.00
# Visual Studio Version 16
VisualStudioVersion = 16.0.31313.79
MinimumVisualStudioVersion = 10.0.40219.1
Project("{9A19103F-16F7-4668-BE54-9A1E7A4F7556}") = "Shopping.Client", "Shopping.Client\Shopping.Client.csproj", "{E1B0477F-E0C6-4C5E-9503-AF53BE45A1B2}"
EndProject
Project("{FAE04EC0-301F-11D3-BF4B-00C04F79EFBC}") = "Shopping.API", "Shopping.API\Shopping.API.csproj", "{6FDA9BEF-EDD0-4EB4-A6E5-996F3545931B}"
EndProject
Project("{E53339B2-1760-4266-BCC7-CA923CBCF16C}") = "docker-compose", "docker-compose.dcproj", "{556D603F-A621-4AE5-95A6-54E2030DA1EE}"
EndProject
Global
	GlobalSection(SolutionConfigurationPlatforms) = preSolution
		Debug|Any CPU = Debug|Any CPU
		Release|Any CPU = Release|Any CPU
	EndGlobalSection
	GlobalSection(ProjectConfigurationPlatforms) = postSolution
		{E1B0477F-E0C6-4C5E-9503-AF53BE45A1B2}.Debug|Any CPU.ActiveCfg = Debug|Any CPU
		{E1B0477F-E0C6-4C5E-9503-AF53BE45A1B2}.Debug|Any CPU.Build.0 = Debug|Any CPU
		{E1B0477F-E0C6-4C5E-9503-AF53BE45A1B2}.Release|Any CPU.ActiveCfg = Release|Any CPU
		{E1B0477F-E0C6-4C5E-9503-AF53BE45A1B2}.Release|Any CPU.Build.0 = Release|Any CPU
		{6FDA9BEF-EDD0-4EB4-A6E5-996F3545931B}.Debug|Any CPU.ActiveCfg = Debug|Any CPU
		{6FDA9BEF-EDD0-4EB4-A6E5-996F3545931B}.Debug|Any CPU.Build.0 = Debug|Any CPU
		{6FDA9BEF-EDD0-4EB4-A6E5-996F3545931B}.Release|Any CPU.ActiveCfg = Release|Any CPU
		{6FDA9BEF-EDD0-4EB4-A6E5-996F3545931B}.Release|Any CPU.Build.0 = Release|Any CPU
		{556D603F-A621-4AE5-95A6-54E2030DA1EE}.Debug|Any CPU.ActiveCfg = Debug|Any CPU
		{556D603F-A621-4AE5-95A6-54E2030DA1EE}.Debug|Any CPU.Build.0 = Debug|Any CPU
		{556D603F-A621-4AE5-95A6-54E2030DA1EE}.Release|Any CPU.ActiveCfg = Release|Any CPU
		{556D603F-A621-4AE5-95A6-54E2030DA1EE}.Release|Any CPU.Build.0 = Release|Any CPU
	EndGlobalSection
	GlobalSection(SolutionProperties) = preSolution
		HideSolutionNode = FALSE
	EndGlobalSection
	GlobalSection(ExtensibilityGlobals) = postSolution
		SolutionGuid = {E071F10D-7567-4EB2-ACBC-47A7305CDCF2}
	EndGlobalSection
EndGlobal
